
Microsoft Visual Studio Solution File, Format Version 12.00
# Visual Studio Version 17
VisualStudioVersion = 17.2.32516.85
MinimumVisualStudioVersion = 10.0.40219.1
Project("{8BC9CEB8-8B4A-11D0-8D11-00A0C91BC942}") = "Task1", "Task1\Task1.vcxproj", "{2226BDDA-E6DF-455C-8ED4-09B79B7A39C8}"
EndProject
Project("{8BC9CEB8-8B4A-11D0-8D11-00A0C91BC942}") = "Task2", "Task2\Task2.vcxproj", "{98DFF58A-A9B2-4F9B-8B68-1D755587D1E8}"
EndProject
Global
	GlobalSection(SolutionConfigurationPlatforms) = preSolution
		Debug|x64 = Debug|x64
		Debug|x86 = Debug|x86
		Release|x64 = Release|x64
		Release|x86 = Release|x86
	EndGlobalSection
	GlobalSection(ProjectConfigurationPlatforms) = postSolution
		{2226BDDA-E6DF-455C-8ED4-09B79B7A39C8}.Debug|x64.ActiveCfg = Debug|x64
		{2226BDDA-E6DF-455C-8ED4-09B79B7A39C8}.Debug|x64.Build.0 = Debug|x64
		{2226BDDA-E6DF-455C-8ED4-09B79B7A39C8}.Debug|x86.ActiveCfg = Debug|Win32
		{2226BDDA-E6DF-455C-8ED4-09B79B7A39C8}.Debug|x86.Build.0 = Debug|Win32
		{2226BDDA-E6DF-455C-8ED4-09B79B7A39C8}.Release|x64.ActiveCfg = Release|x64
		{2226BDDA-E6DF-455C-8ED4-09B79B7A39C8}.Release|x64.Build.0 = Release|x64
		{2226BDDA-E6DF-455C-8ED4-09B79B7A39C8}.Release|x86.ActiveCfg = Release|Win32
		{2226BDDA-E6DF-455C-8ED4-09B79B7A39C8}.Release|x86.Build.0 = Release|Win32
		{98DFF58A-A9B2-4F9B-8B68-1D755587D1E8}.Debug|x64.ActiveCfg = Debug|x64
		{98DFF58A-A9B2-4F9B-8B68-1D755587D1E8}.Debug|x64.Build.0 = Debug|x64
		{98DFF58A-A9B2-4F9B-8B68-1D755587D1E8}.Debug|x86.ActiveCfg = Debug|Win32
		{98DFF58A-A9B2-4F9B-8B68-1D755587D1E8}.Debug|x86.Build.0 = Debug|Win32
		{98DFF58A-A9B2-4F9B-8B68-1D755587D1E8}.Release|x64.ActiveCfg = Release|x64
		{98DFF58A-A9B2-4F9B-8B68-1D755587D1E8}.Release|x64.Build.0 = Release|x64
		{98DFF58A-A9B2-4F9B-8B68-1D755587D1E8}.Release|x86.ActiveCfg = Release|Win32
		{98DFF58A-A9B2-4F9B-8B68-1D755587D1E8}.Release|x86.Build.0 = Release|Win32
	EndGlobalSection
	GlobalSection(SolutionProperties) = preSolution
		HideSolutionNode = FALSE
	EndGlobalSection
	GlobalSection(ExtensibilityGlobals) = postSolution
		SolutionGuid = {5AC717B9-66A7-4B01-AFE7-43E018550FD8}
	EndGlobalSection
EndGlobal
